
Microsoft Visual Studio Solution File, Format Version 12.00
# Visual Studio Version 17
VisualStudioVersion = 17.4.33122.133
MinimumVisualStudioVersion = 10.0.40219.1
Project("{FAE04EC0-301F-11D3-BF4B-00C04F79EFBC}") = "Project", "Project.csproj", "{B9A5135E-F0E0-4D7C-A424-F98A1225F18F}"
EndProject
Global
	GlobalSection(SolutionConfigurationPlatforms) = preSolution
		Debug|x86 = Debug|x86
		Release|x86 = Release|x86
	EndGlobalSection
	GlobalSection(ProjectConfigurationPlatforms) = postSolution
		{B9A5135E-F0E0-4D7C-A424-F98A1225F18F}.Debug|x86.ActiveCfg = Debug|x86
		{B9A5135E-F0E0-4D7C-A424-F98A1225F18F}.Debug|x86.Build.0 = Debug|x86
		{B9A5135E-F0E0-4D7C-A424-F98A1225F18F}.Release|x86.ActiveCfg = Release|x86
		{B9A5135E-F0E0-4D7C-A424-F98A1225F18F}.Release|x86.Build.0 = Release|x86
	EndGlobalSection
	GlobalSection(SolutionProperties) = preSolution
		HideSolutionNode = FALSE
	EndGlobalSection
	GlobalSection(ExtensibilityGlobals) = postSolution
		SolutionGuid = {29A4E30E-96D3-49B8-B008-DE336F70313C}
	EndGlobalSection
EndGlobal
